{
  "name": "@rye-api/rye-pay",
  "version": "0.7.0",
  "lockfileVersion": 3,
  "requires": true,
  "packages": {
    "": {
      "name": "@rye-api/rye-pay",
      "version": "0.7.0",
      "license": "ISC",
      "devDependencies": {
        "@types/googlepay": "^0.7.5",
        "@types/node": "^18.14.4",
        "prettier": "^2.8.1",
        "typescript": "4.9.4"
      }
    },
    "node_modules/@types/googlepay": {
      "version": "0.7.5",
      "resolved": "https://registry.npmjs.org/@types/googlepay/-/googlepay-0.7.5.tgz",
      "integrity": "sha512-158egcRaqkMSpW6unyGV4uG4FpoCklRf3J5emCzOXSRVAohMfIuZ481JNvp4X6+KxoNjxWiGtMx5vb1YfQADPw==",
      "dev": true
    },
    "node_modules/@types/node": {
      "version": "18.14.4",
      "resolved": "https://registry.npmjs.org/@types/node/-/node-18.14.4.tgz",
      "integrity": "sha512-VhCw7I7qO2X49+jaKcAUwi3rR+hbxT5VcYF493+Z5kMLI0DL568b7JI4IDJaxWFH0D/xwmGJNoXisyX+w7GH/g==",
      "dev": true
    },
    "node_modules/prettier": {
      "version": "2.8.4",
      "resolved": "https://registry.npmjs.org/prettier/-/prettier-2.8.4.tgz",
      "integrity": "sha512-vIS4Rlc2FNh0BySk3Wkd6xmwxB0FpOndW5fisM5H8hsZSxU2VWVB5CWIkIjWvrHjIhxk2g3bfMKM87zNTrZddw==",
      "dev": true,
      "bin": {
        "prettier": "bin-prettier.js"
      },
      "engines": {
        "node": ">=10.13.0"
      },
      "funding": {
        "url": "https://github.com/prettier/prettier?sponsor=1"
      }
    },
    "node_modules/typescript": {
      "version": "4.9.4",
      "resolved": "https://registry.npmjs.org/typescript/-/typescript-4.9.4.tgz",
      "integrity": "sha512-Uz+dTXYzxXXbsFpM86Wh3dKCxrQqUcVMxwU54orwlJjOpO3ao8L7j5lH+dWfTwgCwIuM9GQ2kvVotzYJMXTBZg==",
      "dev": true,
      "bin": {
        "tsc": "bin/tsc",
        "tsserver": "bin/tsserver"
      },
      "engines": {
        "node": ">=4.2.0"
      }
    }
  }
}
