# THIS IS AN AUTOGENERATED FILE. DO NOT EDIT THIS FILE DIRECTLY.
# yarn lockfile v1


"@types/googlepay@^0.7.5":
  version "0.7.5"
  resolved "https://registry.npmjs.org/@types/googlepay/-/googlepay-0.7.5.tgz#b944cd0e4c49f4661c9b966cb45614eb7ae87a26"
  integrity sha512-158egcRaqkMSpW6unyGV4uG4FpoCklRf3J5emCzOXSRVAohMfIuZ481JNvp4X6+KxoNjxWiGtMx5vb1YfQADPw==

"@types/node@^18.14.4":
  version "18.19.8"
  resolved "https://registry.npmjs.org/@types/node/-/node-18.19.8.tgz#c1e42b165e5a526caf1f010747e0522cb2c9c36a"
  integrity sha512-g1pZtPhsvGVTwmeVoexWZLTQaOvXwoSq//pTL0DHeNzUDrFnir4fgETdhjhIxjVnN+hKOuh98+E1eMLnUXstFg==
  dependencies:
    undici-types "~5.26.4"

prettier@^2.8.1:
  version "2.8.8"
  resolved "https://registry.npmjs.org/prettier/-/prettier-2.8.8.tgz#e8c5d7e98a4305ffe3de2e1fc4aca1a71c28b1da"
  integrity sha512-tdN8qQGvNjw4CHbY+XXk0JgCXn9QiF21a55rBe5LJAU+kDyC4WQn4+awm2Xfk2lQMk5fKup9XgzTZtGkjBdP9Q==

typescript@4.9.4:
  version "4.9.4"
  resolved "https://registry.npmjs.org/typescript/-/typescript-4.9.4.tgz#a2a3d2756c079abda241d75f149df9d561091e78"
  integrity sha512-Uz+dTXYzxXXbsFpM86Wh3dKCxrQqUcVMxwU54orwlJjOpO3ao8L7j5lH+dWfTwgCwIuM9GQ2kvVotzYJMXTBZg==

undici-types@~5.26.4:
  version "5.26.5"
  resolved "https://registry.npmjs.org/undici-types/-/undici-types-5.26.5.tgz#bcd539893d00b56e964fd2657a4866b221a65617"
  integrity sha512-JlCMO+ehdEIKqlFxk6IfVoAUVmgz7cU7zD/h9XZ0qzeosSHmUJVOzSQvvYSYWXkFXC+IfLKSIffhv0sVZup6pA==
